
Microsoft Visual Studio Solution File, Format Version 12.00
# Visual Studio Version 17
VisualStudioVersion = 17.6.33829.357
MinimumVisualStudioVersion = 10.0.40219.1
Project("{FAE04EC0-301F-11D3-BF4B-00C04F79EFBC}") = "HomeWork", "HomeWork.csproj", "{01385486-F27B-4924-BC48-D8A53E328205}"
EndProject
Global
	GlobalSection(SolutionConfigurationPlatforms) = preSolution
		Debug|Any CPU = Debug|Any CPU
		Release|Any CPU = Release|Any CPU
	EndGlobalSection
	GlobalSection(ProjectConfigurationPlatforms) = postSolution
		{01385486-F27B-4924-BC48-D8A53E328205}.Debug|Any CPU.ActiveCfg = Debug|Any CPU
		{01385486-F27B-4924-BC48-D8A53E328205}.Debug|Any CPU.Build.0 = Debug|Any CPU
		{01385486-F27B-4924-BC48-D8A53E328205}.Release|Any CPU.ActiveCfg = Release|Any CPU
		{01385486-F27B-4924-BC48-D8A53E328205}.Release|Any CPU.Build.0 = Release|Any CPU
	EndGlobalSection
	GlobalSection(SolutionProperties) = preSolution
		HideSolutionNode = FALSE
	EndGlobalSection
	GlobalSection(ExtensibilityGlobals) = postSolution
		SolutionGuid = {7F9BE71F-C972-408C-A3AF-E757BD0CBE63}
	EndGlobalSection
EndGlobal
